
Microsoft Visual Studio Solution File, Format Version 12.00
# Visual Studio Version 17
VisualStudioVersion = 17.14.36202.13
MinimumVisualStudioVersion = 10.0.40219.1
Project("{FAE04EC0-301F-11D3-BF4B-00C04F79EFBC}") = "Client", "Client\Client.csproj", "{5819FD37-6C3A-4687-ACA7-A39378EC0D34}"
EndProject
Project("{FAE04EC0-301F-11D3-BF4B-00C04F79EFBC}") = "Client.Web", "Client.Web\Client.Web.csproj", "{B453703B-B09D-4432-86F5-D83D1E7B6B9E}"
EndProject
Project("{2150E333-8FDC-42A3-9474-1A3956D46DE8}") = "Solution Items", "Solution Items", "{8EC462FD-D22E-90A8-E5CE-7E832BA40C5D}"
	ProjectSection(SolutionItems) = preProject
		Directory.Build.props = Directory.Build.props
		README.md = README.md
	EndProjectSection
EndProject
Project("{FAE04EC0-301F-11D3-BF4B-00C04F79EFBC}") = "Demo.Console", "Demo.Console\Demo.Console.csproj", "{8F7300E4-2B86-4D3A-A0E4-D3F6E6CA815C}"
EndProject
Project("{FAE04EC0-301F-11D3-BF4B-00C04F79EFBC}") = "Demo.Web", "Demo.Web\Demo.Web.csproj", "{0FB13874-96BF-41C5-85F9-B9EFAA745CBE}"
EndProject
Global
	GlobalSection(SolutionConfigurationPlatforms) = preSolution
		Debug|Any CPU = Debug|Any CPU
		Release|Any CPU = Release|Any CPU
	EndGlobalSection
	GlobalSection(ProjectConfigurationPlatforms) = postSolution
		{5819FD37-6C3A-4687-ACA7-A39378EC0D34}.Debug|Any CPU.ActiveCfg = Debug|Any CPU
		{5819FD37-6C3A-4687-ACA7-A39378EC0D34}.Debug|Any CPU.Build.0 = Debug|Any CPU
		{5819FD37-6C3A-4687-ACA7-A39378EC0D34}.Release|Any CPU.ActiveCfg = Release|Any CPU
		{5819FD37-6C3A-4687-ACA7-A39378EC0D34}.Release|Any CPU.Build.0 = Release|Any CPU
		{B453703B-B09D-4432-86F5-D83D1E7B6B9E}.Debug|Any CPU.ActiveCfg = Debug|Any CPU
		{B453703B-B09D-4432-86F5-D83D1E7B6B9E}.Debug|Any CPU.Build.0 = Debug|Any CPU
		{B453703B-B09D-4432-86F5-D83D1E7B6B9E}.Release|Any CPU.ActiveCfg = Release|Any CPU
		{B453703B-B09D-4432-86F5-D83D1E7B6B9E}.Release|Any CPU.Build.0 = Release|Any CPU
		{8F7300E4-2B86-4D3A-A0E4-D3F6E6CA815C}.Debug|Any CPU.ActiveCfg = Debug|Any CPU
		{8F7300E4-2B86-4D3A-A0E4-D3F6E6CA815C}.Debug|Any CPU.Build.0 = Debug|Any CPU
		{8F7300E4-2B86-4D3A-A0E4-D3F6E6CA815C}.Release|Any CPU.ActiveCfg = Release|Any CPU
		{8F7300E4-2B86-4D3A-A0E4-D3F6E6CA815C}.Release|Any CPU.Build.0 = Release|Any CPU
		{0FB13874-96BF-41C5-85F9-B9EFAA745CBE}.Debug|Any CPU.ActiveCfg = Debug|Any CPU
		{0FB13874-96BF-41C5-85F9-B9EFAA745CBE}.Debug|Any CPU.Build.0 = Debug|Any CPU
		{0FB13874-96BF-41C5-85F9-B9EFAA745CBE}.Release|Any CPU.ActiveCfg = Release|Any CPU
		{0FB13874-96BF-41C5-85F9-B9EFAA745CBE}.Release|Any CPU.Build.0 = Release|Any CPU
	EndGlobalSection
	GlobalSection(SolutionProperties) = preSolution
		HideSolutionNode = FALSE
	EndGlobalSection
	GlobalSection(ExtensibilityGlobals) = postSolution
		SolutionGuid = {EC632D41-44A9-415E-B930-058B39130D28}
	EndGlobalSection
EndGlobal
