
Microsoft Visual Studio Solution File, Format Version 12.00
# Visual Studio Version 17
VisualStudioVersion = 17.14.36221.1
MinimumVisualStudioVersion = 10.0.40219.1
Project("{FAE04EC0-301F-11D3-BF4B-00C04F79EFBC}") = "Foundation", "Foundation\Foundation.csproj", "{F5FA6AD6-E2D0-4E7F-BA57-52A9CDFD99E4}"
EndProject
Project("{FAE04EC0-301F-11D3-BF4B-00C04F79EFBC}") = "Foundation.Web", "Foundation.Web\Foundation.Web.csproj", "{4F79AC8E-94C2-4347-AFFD-A3A7DB230E04}"
EndProject
Global
	GlobalSection(SolutionConfigurationPlatforms) = preSolution
		Debug|Any CPU = Debug|Any CPU
		Release|Any CPU = Release|Any CPU
	EndGlobalSection
	GlobalSection(ProjectConfigurationPlatforms) = postSolution
		{F5FA6AD6-E2D0-4E7F-BA57-52A9CDFD99E4}.Debug|Any CPU.ActiveCfg = Debug|Any CPU
		{F5FA6AD6-E2D0-4E7F-BA57-52A9CDFD99E4}.Debug|Any CPU.Build.0 = Debug|Any CPU
		{F5FA6AD6-E2D0-4E7F-BA57-52A9CDFD99E4}.Release|Any CPU.ActiveCfg = Release|Any CPU
		{F5FA6AD6-E2D0-4E7F-BA57-52A9CDFD99E4}.Release|Any CPU.Build.0 = Release|Any CPU
		{4F79AC8E-94C2-4347-AFFD-A3A7DB230E04}.Debug|Any CPU.ActiveCfg = Debug|Any CPU
		{4F79AC8E-94C2-4347-AFFD-A3A7DB230E04}.Debug|Any CPU.Build.0 = Debug|Any CPU
		{4F79AC8E-94C2-4347-AFFD-A3A7DB230E04}.Release|Any CPU.ActiveCfg = Release|Any CPU
		{4F79AC8E-94C2-4347-AFFD-A3A7DB230E04}.Release|Any CPU.Build.0 = Release|Any CPU
	EndGlobalSection
	GlobalSection(SolutionProperties) = preSolution
		HideSolutionNode = FALSE
	EndGlobalSection
	GlobalSection(ExtensibilityGlobals) = postSolution
		SolutionGuid = {58ABB3DC-047C-4239-9CA3-31DBCE72BE6B}
	EndGlobalSection
EndGlobal
